// !$*UTF8*$!
{
	archiveVersion = 1;
	classes = {
	};
	objectVersion = 50;
	objects = {

/* Begin PBXBuildFile section */
		01734A742326E73F00ADFF5F /* Packet.swift in Sources */ = {isa = PBXBuildFile; fileRef = 01734A732326E73F00ADFF5F /* Packet.swift */; };
		01D24F922322FCD600BD31E4 /* AppDelegate.swift in Sources */ = {isa = PBXBuildFile; fileRef = 01D24F912322FCD600BD31E4 /* AppDelegate.swift */; };
		01D24F942322FCD600BD31E4 /* SceneDelegate.swift in Sources */ = {isa = PBXBuildFile; fileRef = 01D24F932322FCD600BD31E4 /* SceneDelegate.swift */; };
		01D24F962322FCD600BD31E4 /* ContentView.swift in Sources */ = {isa = PBXBuildFile; fileRef = 01D24F952322FCD600BD31E4 /* ContentView.swift */; };
		01D24F982322FCD800BD31E4 /* Assets.xcassets in Resources */ = {isa = PBXBuildFile; fileRef = 01D24F972322FCD800BD31E4 /* Assets.xcassets */; };
		01D24F9B2322FCD800BD31E4 /* Preview Assets.xcassets in Resources */ = {isa = PBXBuildFile; fileRef = 01D24F9A2322FCD800BD31E4 /* Preview Assets.xcassets */; };
		01D24F9E2322FCD800BD31E4 /* LaunchScreen.storyboard in Resources */ = {isa = PBXBuildFile; fileRef = 01D24F9C2322FCD800BD31E4 /* LaunchScreen.storyboard */; };
		01D24FA92322FCD800BD31E4 /* mpegTests.swift in Sources */ = {isa = PBXBuildFile; fileRef = 01D24FA82322FCD800BD31E4 /* mpegTests.swift */; };
		01D24FB42322FDC600BD31E4 /* Buffer.swift in Sources */ = {isa = PBXBuildFile; fileRef = 01D24FB32322FDC600BD31E4 /* Buffer.swift */; };
		01D24FB62322FDD300BD31E4 /* Demuxer.swift in Sources */ = {isa = PBXBuildFile; fileRef = 01D24FB52322FDD300BD31E4 /* Demuxer.swift */; };
		01D24FB82322FDE300BD31E4 /* VideoDecoder.swift in Sources */ = {isa = PBXBuildFile; fileRef = 01D24FB72322FDE300BD31E4 /* VideoDecoder.swift */; };
		01D24FBB2322FDF300BD31E4 /* AudioDecoder.swift in Sources */ = {isa = PBXBuildFile; fileRef = 01D24FBA2322FDF300BD31E4 /* AudioDecoder.swift */; };
		01E4D135232C23D4006F07FD /* bjork-all-is-full-of-love.mpg in Resources */ = {isa = PBXBuildFile; fileRef = 01E4D134232C23D4006F07FD /* bjork-all-is-full-of-love.mpg */; };
		01E55BA1232D833200C179D9 /* MediaStreamReader.swift in Sources */ = {isa = PBXBuildFile; fileRef = 01E55BA0232D833200C179D9 /* MediaStreamReader.swift */; };
/* End PBXBuildFile section */

/* Begin PBXContainerItemProxy section */
		01D24FA52322FCD800BD31E4 /* PBXContainerItemProxy */ = {
			isa = PBXContainerItemProxy;
			containerPortal = 01D24F862322FCD600BD31E4 /* Project object */;
			proxyType = 1;
			remoteGlobalIDString = 01D24F8D2322FCD600BD31E4;
			remoteInfo = mpeg;
		};
/* End PBXContainerItemProxy section */

/* Begin PBXFileReference section */
		01734A732326E73F00ADFF5F /* Packet.swift */ = {isa = PBXFileReference; lastKnownFileType = sourcecode.swift; path = Packet.swift; sourceTree = "<group>"; };
		01D24F8E2322FCD600BD31E4 /* mpeg.app */ = {isa = PBXFileReference; explicitFileType = wrapper.application; includeInIndex = 0; path = mpeg.app; sourceTree = BUILT_PRODUCTS_DIR; };
		01D24F912322FCD600BD31E4 /* AppDelegate.swift */ = {isa = PBXFileReference; lastKnownFileType = sourcecode.swift; path = AppDelegate.swift; sourceTree = "<group>"; };
		01D24F932322FCD600BD31E4 /* SceneDelegate.swift */ = {isa = PBXFileReference; lastKnownFileType = sourcecode.swift; path = SceneDelegate.swift; sourceTree = "<group>"; };
		01D24F952322FCD600BD31E4 /* ContentView.swift */ = {isa = PBXFileReference; lastKnownFileType = sourcecode.swift; path = ContentView.swift; sourceTree = "<group>"; };
		01D24F972322FCD800BD31E4 /* Assets.xcassets */ = {isa = PBXFileReference; lastKnownFileType = folder.assetcatalog; path = Assets.xcassets; sourceTree = "<group>"; };
		01D24F9A2322FCD800BD31E4 /* Preview Assets.xcassets */ = {isa = PBXFileReference; lastKnownFileType = folder.assetcatalog; path = "Preview Assets.xcassets"; sourceTree = "<group>"; };
		01D24F9D2322FCD800BD31E4 /* Base */ = {isa = PBXFileReference; lastKnownFileType = file.storyboard; name = Base; path = Base.lproj/LaunchScreen.storyboard; sourceTree = "<group>"; };
		01D24F9F2322FCD800BD31E4 /* Info.plist */ = {isa = PBXFileReference; lastKnownFileType = text.plist.xml; path = Info.plist; sourceTree = "<group>"; };
		01D24FA42322FCD800BD31E4 /* mpegTests.xctest */ = {isa = PBXFileReference; explicitFileType = wrapper.cfbundle; includeInIndex = 0; path = mpegTests.xctest; sourceTree = BUILT_PRODUCTS_DIR; };
		01D24FA82322FCD800BD31E4 /* mpegTests.swift */ = {isa = PBXFileReference; lastKnownFileType = sourcecode.swift; path = mpegTests.swift; sourceTree = "<group>"; };
		01D24FAA2322FCD800BD31E4 /* Info.plist */ = {isa = PBXFileReference; lastKnownFileType = text.plist.xml; path = Info.plist; sourceTree = "<group>"; };
		01D24FB32322FDC600BD31E4 /* Buffer.swift */ = {isa = PBXFileReference; lastKnownFileType = sourcecode.swift; path = Buffer.swift; sourceTree = "<group>"; };
		01D24FB52322FDD300BD31E4 /* Demuxer.swift */ = {isa = PBXFileReference; lastKnownFileType = sourcecode.swift; path = Demuxer.swift; sourceTree = "<group>"; };
		01D24FB72322FDE300BD31E4 /* VideoDecoder.swift */ = {isa = PBXFileReference; lastKnownFileType = sourcecode.swift; path = VideoDecoder.swift; sourceTree = "<group>"; };
		01D24FBA2322FDF300BD31E4 /* AudioDecoder.swift */ = {isa = PBXFileReference; lastKnownFileType = sourcecode.swift; path = AudioDecoder.swift; sourceTree = "<group>"; };
		01E4D134232C23D4006F07FD /* bjork-all-is-full-of-love.mpg */ = {isa = PBXFileReference; lastKnownFileType = video.mpeg; path = "bjork-all-is-full-of-love.mpg"; sourceTree = "<group>"; };
		01E55BA0232D833200C179D9 /* MediaStreamReader.swift */ = {isa = PBXFileReference; lastKnownFileType = sourcecode.swift; path = MediaStreamReader.swift; sourceTree = "<group>"; };
/* End PBXFileReference section */

/* Begin PBXFrameworksBuildPhase section */
		01D24F8B2322FCD600BD31E4 /* Frameworks */ = {
			isa = PBXFrameworksBuildPhase;
			buildActionMask = 2147483647;
			files = (
			);
			runOnlyForDeploymentPostprocessing = 0;
		};
		01D24FA12322FCD800BD31E4 /* Frameworks */ = {
			isa = PBXFrameworksBuildPhase;
			buildActionMask = 2147483647;
			files = (
			);
			runOnlyForDeploymentPostprocessing = 0;
		};
/* End PBXFrameworksBuildPhase section */

/* Begin PBXGroup section */
		01D24F852322FCD600BD31E4 = {
			isa = PBXGroup;
			children = (
				01D24F902322FCD600BD31E4 /* mpeg */,
				01D24FA72322FCD800BD31E4 /* mpegTests */,
				01D24F8F2322FCD600BD31E4 /* Products */,
			);
			sourceTree = "<group>";
		};
		01D24F8F2322FCD600BD31E4 /* Products */ = {
			isa = PBXGroup;
			children = (
				01D24F8E2322FCD600BD31E4 /* mpeg.app */,
				01D24FA42322FCD800BD31E4 /* mpegTests.xctest */,
			);
			name = Products;
			sourceTree = "<group>";
		};
		01D24F902322FCD600BD31E4 /* mpeg */ = {
			isa = PBXGroup;
			children = (
				01E4D134232C23D4006F07FD /* bjork-all-is-full-of-love.mpg */,
				01D24F912322FCD600BD31E4 /* AppDelegate.swift */,
				01D24F932322FCD600BD31E4 /* SceneDelegate.swift */,
				01E55BA0232D833200C179D9 /* MediaStreamReader.swift */,
				01D24F952322FCD600BD31E4 /* ContentView.swift */,
				01D24F972322FCD800BD31E4 /* Assets.xcassets */,
				01D24F9C2322FCD800BD31E4 /* LaunchScreen.storyboard */,
				01D24F9F2322FCD800BD31E4 /* Info.plist */,
				01D24F992322FCD800BD31E4 /* Preview Content */,
				01734A732326E73F00ADFF5F /* Packet.swift */,
				01D24FB32322FDC600BD31E4 /* Buffer.swift */,
				01D24FB52322FDD300BD31E4 /* Demuxer.swift */,
				01D24FB72322FDE300BD31E4 /* VideoDecoder.swift */,
				01D24FBA2322FDF300BD31E4 /* AudioDecoder.swift */,
			);
			path = mpeg;
			sourceTree = "<group>";
		};
		01D24F992322FCD800BD31E4 /* Preview Content */ = {
			isa = PBXGroup;
			children = (
				01D24F9A2322FCD800BD31E4 /* Preview Assets.xcassets */,
			);
			path = "Preview Content";
			sourceTree = "<group>";
		};
		01D24FA72322FCD800BD31E4 /* mpegTests */ = {
			isa = PBXGroup;
			children = (
				01D24FA82322FCD800BD31E4 /* mpegTests.swift */,
				01D24FAA2322FCD800BD31E4 /* Info.plist */,
			);
			path = mpegTests;
			sourceTree = "<group>";
		};
/* End PBXGroup section */

/* Begin PBXNativeTarget section */
		01D24F8D2322FCD600BD31E4 /* mpeg */ = {
			isa = PBXNativeTarget;
			buildConfigurationList = 01D24FAD2322FCD800BD31E4 /* Build configuration list for PBXNativeTarget "mpeg" */;
			buildPhases = (
				01D24F8A2322FCD600BD31E4 /* Sources */,
				01D24F8B2322FCD600BD31E4 /* Frameworks */,
				01D24F8C2322FCD600BD31E4 /* Resources */,
			);
			buildRules = (
			);
			dependencies = (
			);
			name = mpeg;
			productName = mpeg;
			productReference = 01D24F8E2322FCD600BD31E4 /* mpeg.app */;
			productType = "com.apple.product-type.application";
		};
		01D24FA32322FCD800BD31E4 /* mpegTests */ = {
			isa = PBXNativeTarget;
			buildConfigurationList = 01D24FB02322FCD800BD31E4 /* Build configuration list for PBXNativeTarget "mpegTests" */;
			buildPhases = (
				01D24FA02322FCD800BD31E4 /* Sources */,
				01D24FA12322FCD800BD31E4 /* Frameworks */,
				01D24FA22322FCD800BD31E4 /* Resources */,
			);
			buildRules = (
			);
			dependencies = (
				01D24FA62322FCD800BD31E4 /* PBXTargetDependency */,
			);
			name = mpegTests;
			productName = mpegTests;
			productReference = 01D24FA42322FCD800BD31E4 /* mpegTests.xctest */;
			productType = "com.apple.product-type.bundle.unit-test";
		};
/* End PBXNativeTarget section */

/* Begin PBXProject section */
		01D24F862322FCD600BD31E4 /* Project object */ = {
			isa = PBXProject;
			attributes = {
				LastSwiftUpdateCheck = 1100;
				LastUpgradeCheck = 1100;
				ORGANIZATIONNAME = pl.mackode;
				TargetAttributes = {
					01D24F8D2322FCD600BD31E4 = {
						CreatedOnToolsVersion = 11.0;
					};
					01D24FA32322FCD800BD31E4 = {
						CreatedOnToolsVersion = 11.0;
						TestTargetID = 01D24F8D2322FCD600BD31E4;
					};
				};
			};
			buildConfigurationList = 01D24F892322FCD600BD31E4 /* Build configuration list for PBXProject "mpeg" */;
			compatibilityVersion = "Xcode 9.3";
			developmentRegion = en;
			hasScannedForEncodings = 0;
			knownRegions = (
				en,
				Base,
			);
			mainGroup = 01D24F852322FCD600BD31E4;
			productRefGroup = 01D24F8F2322FCD600BD31E4 /* Products */;
			projectDirPath = "";
			projectRoot = "";
			targets = (
				01D24F8D2322FCD600BD31E4 /* mpeg */,
				01D24FA32322FCD800BD31E4 /* mpegTests */,
			);
		};
/* End PBXProject section */

/* Begin PBXResourcesBuildPhase section */
		01D24F8C2322FCD600BD31E4 /* Resources */ = {
			isa = PBXResourcesBuildPhase;
			buildActionMask = 2147483647;
			files = (
				01D24F9E2322FCD800BD31E4 /* LaunchScreen.storyboard in Resources */,
				01D24F9B2322FCD800BD31E4 /* Preview Assets.xcassets in Resources */,
				01D24F982322FCD800BD31E4 /* Assets.xcassets in Resources */,
				01E4D135232C23D4006F07FD /* bjork-all-is-full-of-love.mpg in Resources */,
			);
			runOnlyForDeploymentPostprocessing = 0;
		};
		01D24FA22322FCD800BD31E4 /* Resources */ = {
			isa = PBXResourcesBuildPhase;
			buildActionMask = 2147483647;
			files = (
			);
			runOnlyForDeploymentPostprocessing = 0;
		};
/* End PBXResourcesBuildPhase section */

/* Begin PBXSourcesBuildPhase section */
		01D24F8A2322FCD600BD31E4 /* Sources */ = {
			isa = PBXSourcesBuildPhase;
			buildActionMask = 2147483647;
			files = (
				01D24F922322FCD600BD31E4 /* AppDelegate.swift in Sources */,
				01D24FB42322FDC600BD31E4 /* Buffer.swift in Sources */,
				01D24FB62322FDD300BD31E4 /* Demuxer.swift in Sources */,
				01E55BA1232D833200C179D9 /* MediaStreamReader.swift in Sources */,
				01D24F942322FCD600BD31E4 /* SceneDelegate.swift in Sources */,
				01D24FBB2322FDF300BD31E4 /* AudioDecoder.swift in Sources */,
				01D24FB82322FDE300BD31E4 /* VideoDecoder.swift in Sources */,
				01D24F962322FCD600BD31E4 /* ContentView.swift in Sources */,
				01734A742326E73F00ADFF5F /* Packet.swift in Sources */,
			);
			runOnlyForDeploymentPostprocessing = 0;
		};
		01D24FA02322FCD800BD31E4 /* Sources */ = {
			isa = PBXSourcesBuildPhase;
			buildActionMask = 2147483647;
			files = (
				01D24FA92322FCD800BD31E4 /* mpegTests.swift in Sources */,
			);
			runOnlyForDeploymentPostprocessing = 0;
		};
/* End PBXSourcesBuildPhase section */

/* Begin PBXTargetDependency section */
		01D24FA62322FCD800BD31E4 /* PBXTargetDependency */ = {
			isa = PBXTargetDependency;
			target = 01D24F8D2322FCD600BD31E4 /* mpeg */;
			targetProxy = 01D24FA52322FCD800BD31E4 /* PBXContainerItemProxy */;
		};
/* End PBXTargetDependency section */

/* Begin PBXVariantGroup section */
		01D24F9C2322FCD800BD31E4 /* LaunchScreen.storyboard */ = {
			isa = PBXVariantGroup;
			children = (
				01D24F9D2322FCD800BD31E4 /* Base */,
			);
			name = LaunchScreen.storyboard;
			sourceTree = "<group>";
		};
/* End PBXVariantGroup section */

/* Begin XCBuildConfiguration section */
		01D24FAB2322FCD800BD31E4 /* Debug */ = {
			isa = XCBuildConfiguration;
			buildSettings = {
				ALWAYS_SEARCH_USER_PATHS = NO;
				CLANG_ANALYZER_NONNULL = YES;
				CLANG_ANALYZER_NUMBER_OBJECT_CONVERSION = YES_AGGRESSIVE;
				CLANG_CXX_LANGUAGE_STANDARD = "gnu++14";
				CLANG_CXX_LIBRARY = "libc++";
				CLANG_ENABLE_MODULES = YES;
				CLANG_ENABLE_OBJC_ARC = YES;
				CLANG_ENABLE_OBJC_WEAK = YES;
				CLANG_WARN_BLOCK_CAPTURE_AUTORELEASING = YES;
				CLANG_WARN_BOOL_CONVERSION = YES;
				CLANG_WARN_COMMA = YES;
				CLANG_WARN_CONSTANT_CONVERSION = YES;
				CLANG_WARN_DEPRECATED_OBJC_IMPLEMENTATIONS = YES;
				CLANG_WARN_DIRECT_OBJC_ISA_USAGE = YES_ERROR;
				CLANG_WARN_DOCUMENTATION_COMMENTS = YES;
				CLANG_WARN_EMPTY_BODY = YES;
				CLANG_WARN_ENUM_CONVERSION = YES;
				CLANG_WARN_INFINITE_RECURSION = YES;
				CLANG_WARN_INT_CONVERSION = YES;
				CLANG_WARN_NON_LITERAL_NULL_CONVERSION = YES;
				CLANG_WARN_OBJC_IMPLICIT_RETAIN_SELF = YES;
				CLANG_WARN_OBJC_LITERAL_CONVERSION = YES;
				CLANG_WARN_OBJC_ROOT_CLASS = YES_ERROR;
				CLANG_WARN_RANGE_LOOP_ANALYSIS = YES;
				CLANG_WARN_STRICT_PROTOTYPES = YES;
				CLANG_WARN_SUSPICIOUS_MOVE = YES;
				CLANG_WARN_UNGUARDED_AVAILABILITY = YES_AGGRESSIVE;
				CLANG_WARN_UNREACHABLE_CODE = YES;
				CLANG_WARN__DUPLICATE_METHOD_MATCH = YES;
				COPY_PHASE_STRIP = NO;
				DEBUG_INFORMATION_FORMAT = dwarf;
				ENABLE_STRICT_OBJC_MSGSEND = YES;
				ENABLE_TESTABILITY = YES;
				GCC_C_LANGUAGE_STANDARD = gnu11;
				GCC_DYNAMIC_NO_PIC = NO;
				GCC_NO_COMMON_BLOCKS = YES;
				GCC_OPTIMIZATION_LEVEL = 0;
				GCC_PREPROCESSOR_DEFINITIONS = (
					"DEBUG=1",
					"$(inherited)",
				);
				GCC_WARN_64_TO_32_BIT_CONVERSION = YES;
				GCC_WARN_ABOUT_RETURN_TYPE = YES_ERROR;
				GCC_WARN_UNDECLARED_SELECTOR = YES;
				GCC_WARN_UNINITIALIZED_AUTOS = YES_AGGRESSIVE;
				GCC_WARN_UNUSED_FUNCTION = YES;
				GCC_WARN_UNUSED_VARIABLE = YES;
				IPHONEOS_DEPLOYMENT_TARGET = 13.0;
				MTL_ENABLE_DEBUG_INFO = INCLUDE_SOURCE;
				MTL_FAST_MATH = YES;
				ONLY_ACTIVE_ARCH = YES;
				SDKROOT = iphoneos;
				SWIFT_ACTIVE_COMPILATION_CONDITIONS = DEBUG;
				SWIFT_OPTIMIZATION_LEVEL = "-Onone";
			};
			name = Debug;
		};
		01D24FAC2322FCD800BD31E4 /* Release */ = {
			isa = XCBuildConfiguration;
			buildSettings = {
				ALWAYS_SEARCH_USER_PATHS = NO;
				CLANG_ANALYZER_NONNULL = YES;
				CLANG_ANALYZER_NUMBER_OBJECT_CONVERSION = YES_AGGRESSIVE;
				CLANG_CXX_LANGUAGE_STANDARD = "gnu++14";
				CLANG_CXX_LIBRARY = "libc++";
				CLANG_ENABLE_MODULES = YES;
				CLANG_ENABLE_OBJC_ARC = YES;
				CLANG_ENABLE_OBJC_WEAK = YES;
				CLANG_WARN_BLOCK_CAPTURE_AUTORELEASING = YES;
				CLANG_WARN_BOOL_CONVERSION = YES;
				CLANG_WARN_COMMA = YES;
				CLANG_WARN_CONSTANT_CONVERSION = YES;
				CLANG_WARN_DEPRECATED_OBJC_IMPLEMENTATIONS = YES;
				CLANG_WARN_DIRECT_OBJC_ISA_USAGE = YES_ERROR;
				CLANG_WARN_DOCUMENTATION_COMMENTS = YES;
				CLANG_WARN_EMPTY_BODY = YES;
				CLANG_WARN_ENUM_CONVERSION = YES;
				CLANG_WARN_INFINITE_RECURSION = YES;
				CLANG_WARN_INT_CONVERSION = YES;
				CLANG_WARN_NON_LITERAL_NULL_CONVERSION = YES;
				CLANG_WARN_OBJC_IMPLICIT_RETAIN_SELF = YES;
				CLANG_WARN_OBJC_LITERAL_CONVERSION = YES;
				CLANG_WARN_OBJC_ROOT_CLASS = YES_ERROR;
				CLANG_WARN_RANGE_LOOP_ANALYSIS = YES;
				CLANG_WARN_STRICT_PROTOTYPES = YES;
				CLANG_WARN_SUSPICIOUS_MOVE = YES;
				CLANG_WARN_UNGUARDED_AVAILABILITY = YES_AGGRESSIVE;
				CLANG_WARN_UNREACHABLE_CODE = YES;
				CLANG_WARN__DUPLICATE_METHOD_MATCH = YES;
				COPY_PHASE_STRIP = NO;
				DEBUG_INFORMATION_FORMAT = "dwarf-with-dsym";
				ENABLE_NS_ASSERTIONS = NO;
				ENABLE_STRICT_OBJC_MSGSEND = YES;
				GCC_C_LANGUAGE_STANDARD = gnu11;
				GCC_NO_COMMON_BLOCKS = YES;
				GCC_WARN_64_TO_32_BIT_CONVERSION = YES;
				GCC_WARN_ABOUT_RETURN_TYPE = YES_ERROR;
				GCC_WARN_UNDECLARED_SELECTOR = YES;
				GCC_WARN_UNINITIALIZED_AUTOS = YES_AGGRESSIVE;
				GCC_WARN_UNUSED_FUNCTION = YES;
				GCC_WARN_UNUSED_VARIABLE = YES;
				IPHONEOS_DEPLOYMENT_TARGET = 13.0;
				MTL_ENABLE_DEBUG_INFO = NO;
				MTL_FAST_MATH = YES;
				SDKROOT = iphoneos;
				SWIFT_COMPILATION_MODE = wholemodule;
				SWIFT_OPTIMIZATION_LEVEL = "-O";
				VALIDATE_PRODUCT = YES;
			};
			name = Release;
		};
		01D24FAE2322FCD800BD31E4 /* Debug */ = {
			isa = XCBuildConfiguration;
			buildSettings = {
				ASSETCATALOG_COMPILER_APPICON_NAME = AppIcon;
				CODE_SIGN_STYLE = Automatic;
				DEVELOPMENT_ASSET_PATHS = "\"mpeg/Preview Content\"";
				DEVELOPMENT_TEAM = L2B94KJQ38;
				ENABLE_PREVIEWS = YES;
				INFOPLIST_FILE = mpeg/Info.plist;
				LD_RUNPATH_SEARCH_PATHS = (
					"$(inherited)",
					"@executable_path/Frameworks",
				);
				PRODUCT_BUNDLE_IDENTIFIER = pl.mackode.mpeg;
				PRODUCT_NAME = "$(TARGET_NAME)";
				SWIFT_VERSION = 5.0;
				TARGETED_DEVICE_FAMILY = "1,2";
			};
			name = Debug;
		};
		01D24FAF2322FCD800BD31E4 /* Release */ = {
			isa = XCBuildConfiguration;
			buildSettings = {
				ASSETCATALOG_COMPILER_APPICON_NAME = AppIcon;
				CODE_SIGN_STYLE = Automatic;
				DEVELOPMENT_ASSET_PATHS = "\"mpeg/Preview Content\"";
				DEVELOPMENT_TEAM = L2B94KJQ38;
				ENABLE_PREVIEWS = YES;
				INFOPLIST_FILE = mpeg/Info.plist;
				LD_RUNPATH_SEARCH_PATHS = (
					"$(inherited)",
					"@executable_path/Frameworks",
				);
				PRODUCT_BUNDLE_IDENTIFIER = pl.mackode.mpeg;
				PRODUCT_NAME = "$(TARGET_NAME)";
				SWIFT_VERSION = 5.0;
				TARGETED_DEVICE_FAMILY = "1,2";
			};
			name = Release;
		};
		01D24FB12322FCD800BD31E4 /* Debug */ = {
			isa = XCBuildConfiguration;
			buildSettings = {
				ALWAYS_EMBED_SWIFT_STANDARD_LIBRARIES = YES;
				BUNDLE_LOADER = "$(TEST_HOST)";
				CODE_SIGN_STYLE = Automatic;
				DEVELOPMENT_TEAM = L2B94KJQ38;
				INFOPLIST_FILE = mpegTests/Info.plist;
				IPHONEOS_DEPLOYMENT_TARGET = 13.0;
				LD_RUNPATH_SEARCH_PATHS = (
					"$(inherited)",
					"@executable_path/Frameworks",
					"@loader_path/Frameworks",
				);
				PRODUCT_BUNDLE_IDENTIFIER = pl.mackode.mpegTests;
				PRODUCT_NAME = "$(TARGET_NAME)";
				SWIFT_VERSION = 5.0;
				TARGETED_DEVICE_FAMILY = "1,2";
				TEST_HOST = "$(BUILT_PRODUCTS_DIR)/mpeg.app/mpeg";
			};
			name = Debug;
		};
		01D24FB22322FCD800BD31E4 /* Release */ = {
			isa = XCBuildConfiguration;
			buildSettings = {
				ALWAYS_EMBED_SWIFT_STANDARD_LIBRARIES = YES;
				BUNDLE_LOADER = "$(TEST_HOST)";
				CODE_SIGN_STYLE = Automatic;
				DEVELOPMENT_TEAM = L2B94KJQ38;
				INFOPLIST_FILE = mpegTests/Info.plist;
				IPHONEOS_DEPLOYMENT_TARGET = 13.0;
				LD_RUNPATH_SEARCH_PATHS = (
					"$(inherited)",
					"@executable_path/Frameworks",
					"@loader_path/Frameworks",
				);
				PRODUCT_BUNDLE_IDENTIFIER = pl.mackode.mpegTests;
				PRODUCT_NAME = "$(TARGET_NAME)";
				SWIFT_VERSION = 5.0;
				TARGETED_DEVICE_FAMILY = "1,2";
				TEST_HOST = "$(BUILT_PRODUCTS_DIR)/mpeg.app/mpeg";
			};
			name = Release;
		};
/* End XCBuildConfiguration section */

/* Begin XCConfigurationList section */
		01D24F892322FCD600BD31E4 /* Build configuration list for PBXProject "mpeg" */ = {
			isa = XCConfigurationList;
			buildConfigurations = (
				01D24FAB2322FCD800BD31E4 /* Debug */,
				01D24FAC2322FCD800BD31E4 /* Release */,
			);
			defaultConfigurationIsVisible = 0;
			defaultConfigurationName = Release;
		};
		01D24FAD2322FCD800BD31E4 /* Build configuration list for PBXNativeTarget "mpeg" */ = {
			isa = XCConfigurationList;
			buildConfigurations = (
				01D24FAE2322FCD800BD31E4 /* Debug */,
				01D24FAF2322FCD800BD31E4 /* Release */,
			);
			defaultConfigurationIsVisible = 0;
			defaultConfigurationName = Release;
		};
		01D24FB02322FCD800BD31E4 /* Build configuration list for PBXNativeTarget "mpegTests" */ = {
			isa = XCConfigurationList;
			buildConfigurations = (
				01D24FB12322FCD800BD31E4 /* Debug */,
				01D24FB22322FCD800BD31E4 /* Release */,
			);
			defaultConfigurationIsVisible = 0;
			defaultConfigurationName = Release;
		};
/* End XCConfigurationList section */
	};
	rootObject = 01D24F862322FCD600BD31E4 /* Project object */;
}
